
Microsoft Visual Studio Solution File, Format Version 11.00
# Visual Studio 2010
Project("{FAE04EC0-301F-11D3-BF4B-00C04F79EFBC}") = "Assembly-CSharp-firstpass", "Assembly-CSharp-firstpass.csproj", "{e2e5bd0d-5408-86d0-1cc0-69132af20b93}"
EndProject
Project("{FAE04EC0-301F-11D3-BF4B-00C04F79EFBC}") = "Assembly-CSharp", "Assembly-CSharp.csproj", "{71c93e6c-75fb-42bb-b153-2c26e60e872e}"
EndProject
Project("{FAE04EC0-301F-11D3-BF4B-00C04F79EFBC}") = "Assembly-CSharp-Editor-firstpass", "Assembly-CSharp-Editor-firstpass.csproj", "{b109c3b7-5bfd-044b-68c0-bb9c5838e077}"
EndProject
Project("{FAE04EC0-301F-11D3-BF4B-00C04F79EFBC}") = "Assembly-CSharp-Editor", "Assembly-CSharp-Editor.csproj", "{c407bc11-3c68-2832-adc7-3ee25962c945}"
EndProject
Global
	GlobalSection(SolutionConfigurationPlatforms) = preSolution
		Debug|Any CPU = Debug|Any CPU
	EndGlobalSection
	GlobalSection(ProjectConfigurationPlatforms) = postSolution
		{e2e5bd0d-5408-86d0-1cc0-69132af20b93}.Debug|Any CPU.ActiveCfg = Debug|Any CPU
		{e2e5bd0d-5408-86d0-1cc0-69132af20b93}.Debug|Any CPU.Build.0 = Debug|Any CPU
		{71c93e6c-75fb-42bb-b153-2c26e60e872e}.Debug|Any CPU.ActiveCfg = Debug|Any CPU
		{71c93e6c-75fb-42bb-b153-2c26e60e872e}.Debug|Any CPU.Build.0 = Debug|Any CPU
		{b109c3b7-5bfd-044b-68c0-bb9c5838e077}.Debug|Any CPU.ActiveCfg = Debug|Any CPU
		{b109c3b7-5bfd-044b-68c0-bb9c5838e077}.Debug|Any CPU.Build.0 = Debug|Any CPU
		{c407bc11-3c68-2832-adc7-3ee25962c945}.Debug|Any CPU.ActiveCfg = Debug|Any CPU
		{c407bc11-3c68-2832-adc7-3ee25962c945}.Debug|Any CPU.Build.0 = Debug|Any CPU
	EndGlobalSection
	GlobalSection(SolutionProperties) = preSolution
		HideSolutionNode = FALSE
	EndGlobalSection
EndGlobal
